{
  "name": "layra",
  "version": "3.0.0",
  "lockfileVersion": 3,
  "requires": true,
  "packages": {
    "": {
      "name": "layra",
      "version": "3.0.0",
      "devDependencies": {
        "@types/node": "26.4.1",
        "typescript": "5.9.2"
      },
      "engines": { "node": ">=22" }
    },
    "node_modules/@types/node": {
      "version": "26.4.1",
      "resolved": "https://registry.npmjs.org/@types/node/-/node-26.4.1.tgz",
      "integrity": "sha512-k97ENvZWtvA6yqz5/FS6a7duDgOPEeOQOc2iKS/nY6mX6qJUKtLnWzQS+Xj6tXweyj6ZcTAK2Qecetnvi9nCLA==",
      "dev": true,
      "license": "MIT",
      "dependencies": { "undici-types": "~8.3.0" }
    },
    "node_modules/undici-types": {
      "version": "8.3.0",
      "resolved": "https://registry.npmjs.org/undici-types/-/undici-types-8.3.0.tgz",
      "dev": true,
      "license": "MIT"
    },
    "node_modules/typescript": {
      "version": "5.9.2",
      "resolved": "https://registry.npmjs.org/typescript/-/typescript-5.9.2.tgz",
      "dev": true,
      "license": "Apache-2.0",
      "bin": { "tsc": "bin/tsc", "tsserver": "bin/tsserver" },
      "engines": { "node": ">=14.17" }
    }
  }
}
